
Microsoft Visual Studio Solution File, Format Version 12.00
# Visual Studio 15
VisualStudioVersion = 15.0.27004.2010
MinimumVisualStudioVersion = 10.0.40219.1
Project("{FAE04EC0-301F-11D3-BF4B-00C04F79EFBC}") = "tExchangeRate", "tExchangeRate\tExchangeRate.csproj", "{3572AF8A-9146-4C8E-8777-5A4A84A4F391}"
EndProject
Project("{FAE04EC0-301F-11D3-BF4B-00C04F79EFBC}") = "ExchangeRateLibrary", "ExchangeRateLibrary\ExchangeRateLibrary.csproj", "{23A8FF3C-5BB8-43F7-A2C0-22A597E873BE}"
EndProject
Global
	GlobalSection(SolutionConfigurationPlatforms) = preSolution
		Debug|Any CPU = Debug|Any CPU
		Release|Any CPU = Release|Any CPU
	EndGlobalSection
	GlobalSection(ProjectConfigurationPlatforms) = postSolution
		{3572AF8A-9146-4C8E-8777-5A4A84A4F391}.Debug|Any CPU.ActiveCfg = Debug|Any CPU
		{3572AF8A-9146-4C8E-8777-5A4A84A4F391}.Debug|Any CPU.Build.0 = Debug|Any CPU
		{3572AF8A-9146-4C8E-8777-5A4A84A4F391}.Release|Any CPU.ActiveCfg = Release|Any CPU
		{3572AF8A-9146-4C8E-8777-5A4A84A4F391}.Release|Any CPU.Build.0 = Release|Any CPU
		{23A8FF3C-5BB8-43F7-A2C0-22A597E873BE}.Debug|Any CPU.ActiveCfg = Debug|Any CPU
		{23A8FF3C-5BB8-43F7-A2C0-22A597E873BE}.Debug|Any CPU.Build.0 = Debug|Any CPU
		{23A8FF3C-5BB8-43F7-A2C0-22A597E873BE}.Release|Any CPU.ActiveCfg = Release|Any CPU
		{23A8FF3C-5BB8-43F7-A2C0-22A597E873BE}.Release|Any CPU.Build.0 = Release|Any CPU
	EndGlobalSection
	GlobalSection(SolutionProperties) = preSolution
		HideSolutionNode = FALSE
	EndGlobalSection
	GlobalSection(ExtensibilityGlobals) = postSolution
		SolutionGuid = {7531AD44-E528-4373-BA41-F9888F3BFE77}
	EndGlobalSection
EndGlobal
